
Microsoft Visual Studio Solution File, Format Version 12.00
# Visual Studio 15
VisualStudioVersion = 15.0.26730.10
MinimumVisualStudioVersion = 10.0.40219.1
Project("{9A19103F-16F7-4668-BE54-9A1E7A4F7556}") = "测试", "测试\测试.csproj", "{CF1776C4-AF80-43F0-A4CA-E7906D31BA42}"
EndProject
Project("{9A19103F-16F7-4668-BE54-9A1E7A4F7556}") = "Tool", "Tool\Tool.csproj", "{7847FEE6-348E-4734-BF76-6841E350525A}"
EndProject
Project("{9A19103F-16F7-4668-BE54-9A1E7A4F7556}") = "小说Txt下载", "小说Txt下载\小说Txt下载.csproj", "{8EF291AA-07EA-4CE4-8548-BBCFA20240E8}"
EndProject
Project("{9A19103F-16F7-4668-BE54-9A1E7A4F7556}") = "多线程", "多线程\多线程.csproj", "{373DB0AB-5F1B-40CD-8CB5-BE35F13867AA}"
EndProject
Project("{9A19103F-16F7-4668-BE54-9A1E7A4F7556}") = "MongoDB", "MongoDB\MongoDB.csproj", "{A58EC5B2-7C2C-4E65-8B1F-22570C183398}"
EndProject
Project("{9A19103F-16F7-4668-BE54-9A1E7A4F7556}") = "My_Linq", "My_Linq\My_Linq.csproj", "{13E3AFF4-B474-4B5E-B44B-C4EB7E2C1AE7}"
EndProject
Project("{9A19103F-16F7-4668-BE54-9A1E7A4F7556}") = "FlatBuffers", "FlatBuffers\FlatBuffers.csproj", "{B43AABAF-A02B-4D22-9E2F-49B239DD2081}"
EndProject
Project("{9A19103F-16F7-4668-BE54-9A1E7A4F7556}") = "FlatBuffer", "FlatBuffer\FlatBuffer.csproj", "{A23865D3-3720-4F0F-985C-8CDFFF93910B}"
EndProject
Project("{9A19103F-16F7-4668-BE54-9A1E7A4F7556}") = "Http下载", "Http下载\Http下载.csproj", "{08523A22-2332-4DB0-B67E-86D990ADB739}"
EndProject
Project("{9A19103F-16F7-4668-BE54-9A1E7A4F7556}") = "算法", "算法\算法.csproj", "{80635A2B-2B62-4C25-BB78-D2A45440D597}"
EndProject
Project("{9A19103F-16F7-4668-BE54-9A1E7A4F7556}") = "序列化", "序列化\序列化.csproj", "{CE1C0274-864B-40D0-A945-64057236C0D4}"
EndProject
Project("{9A19103F-16F7-4668-BE54-9A1E7A4F7556}") = "委托", "委托\委托.csproj", "{9B8B5B11-1407-44E1-96A7-1EEC1674C204}"
EndProject
Project("{9A19103F-16F7-4668-BE54-9A1E7A4F7556}") = "Html", "Html\Html.csproj", "{F00D1D16-A807-4F66-8E89-4AE49724309E}"
EndProject
Project("{9A19103F-16F7-4668-BE54-9A1E7A4F7556}") = "Socket_Client", "Socket_Client\Socket_Client.csproj", "{051EBDA6-0AAA-4B7A-96AD-153A742A7083}"
EndProject
Project("{FAE04EC0-301F-11D3-BF4B-00C04F79EFBC}") = "EFTest", "EFTest\EFTest.csproj", "{4407FB1C-5A2F-4F0D-BC10-36EE9C6279FC}"
EndProject
Project("{FAE04EC0-301F-11D3-BF4B-00C04F79EFBC}") = "LinqTest", "LinqTest\LinqTest.csproj", "{D5699746-BCAC-4C8C-A935-F289DB88FA3A}"
EndProject
Project("{FAE04EC0-301F-11D3-BF4B-00C04F79EFBC}") = "ImageShiBie", "ImageShiBie\ImageShiBie.csproj", "{FCD9189C-6198-4BDF-B409-0F5503F40FB6}"
EndProject
Project("{FAE04EC0-301F-11D3-BF4B-00C04F79EFBC}") = "12306", "12306\12306.csproj", "{495017F8-DA40-4691-B55E-8A0277731274}"
EndProject
Project("{FAE04EC0-301F-11D3-BF4B-00C04F79EFBC}") = "Get_red_packet", "Get_red_packet\Get_red_packet.csproj", "{59BB8BA1-395E-40DB-AF24-2F387A5B8FF9}"
EndProject
Project("{FAE04EC0-301F-11D3-BF4B-00C04F79EFBC}") = "ConsoleTemp", "ConsoleTemp\ConsoleTemp.csproj", "{B1AA107E-3E12-40D0-9B2F-B2CEB21581BD}"
EndProject
Project("{9A19103F-16F7-4668-BE54-9A1E7A4F7556}") = "ConsoleDotNettyClient", "ConsoleDotNettyClient\ConsoleDotNettyClient.csproj", "{81740842-DFF3-48B8-92BF-133A6AA6CDBE}"
EndProject
Project("{9A19103F-16F7-4668-BE54-9A1E7A4F7556}") = "ConsoleDotNettyServer", "ConsoleDotNettyServer\ConsoleDotNettyServer.csproj", "{893DAFFD-9FE3-4BEB-8C4A-C729829DD066}"
EndProject
Project("{9A19103F-16F7-4668-BE54-9A1E7A4F7556}") = "Base_Console", "Base_Console\Base_Console.csproj", "{F37EBD5D-A88A-4B83-8A33-E7F98BE29974}"
EndProject
Project("{9A19103F-16F7-4668-BE54-9A1E7A4F7556}") = "ConsoleImage", "ConsoleImage\ConsoleImage.csproj", "{08135263-1A81-4478-903F-3CB5BE7E9684}"
EndProject
Project("{9A19103F-16F7-4668-BE54-9A1E7A4F7556}") = "SocketHttp", "SocketHttp\SocketHttp.csproj", "{539CBB7A-1F24-4A3B-8D6A-61254DFB5E49}"
EndProject
Global
	GlobalSection(SolutionConfigurationPlatforms) = preSolution
		Debug|Any CPU = Debug|Any CPU
		Release|Any CPU = Release|Any CPU
	EndGlobalSection
	GlobalSection(ProjectConfigurationPlatforms) = postSolution
		{CF1776C4-AF80-43F0-A4CA-E7906D31BA42}.Debug|Any CPU.ActiveCfg = Debug|Any CPU
		{CF1776C4-AF80-43F0-A4CA-E7906D31BA42}.Debug|Any CPU.Build.0 = Debug|Any CPU
		{CF1776C4-AF80-43F0-A4CA-E7906D31BA42}.Release|Any CPU.ActiveCfg = Release|Any CPU
		{CF1776C4-AF80-43F0-A4CA-E7906D31BA42}.Release|Any CPU.Build.0 = Release|Any CPU
		{7847FEE6-348E-4734-BF76-6841E350525A}.Debug|Any CPU.ActiveCfg = Debug|Any CPU
		{7847FEE6-348E-4734-BF76-6841E350525A}.Debug|Any CPU.Build.0 = Debug|Any CPU
		{7847FEE6-348E-4734-BF76-6841E350525A}.Release|Any CPU.ActiveCfg = Release|Any CPU
		{7847FEE6-348E-4734-BF76-6841E350525A}.Release|Any CPU.Build.0 = Release|Any CPU
		{8EF291AA-07EA-4CE4-8548-BBCFA20240E8}.Debug|Any CPU.ActiveCfg = Debug|Any CPU
		{8EF291AA-07EA-4CE4-8548-BBCFA20240E8}.Debug|Any CPU.Build.0 = Debug|Any CPU
		{8EF291AA-07EA-4CE4-8548-BBCFA20240E8}.Release|Any CPU.ActiveCfg = Release|Any CPU
		{8EF291AA-07EA-4CE4-8548-BBCFA20240E8}.Release|Any CPU.Build.0 = Release|Any CPU
		{373DB0AB-5F1B-40CD-8CB5-BE35F13867AA}.Debug|Any CPU.ActiveCfg = Debug|Any CPU
		{373DB0AB-5F1B-40CD-8CB5-BE35F13867AA}.Debug|Any CPU.Build.0 = Debug|Any CPU
		{373DB0AB-5F1B-40CD-8CB5-BE35F13867AA}.Release|Any CPU.ActiveCfg = Release|Any CPU
		{373DB0AB-5F1B-40CD-8CB5-BE35F13867AA}.Release|Any CPU.Build.0 = Release|Any CPU
		{A58EC5B2-7C2C-4E65-8B1F-22570C183398}.Debug|Any CPU.ActiveCfg = Debug|Any CPU
		{A58EC5B2-7C2C-4E65-8B1F-22570C183398}.Debug|Any CPU.Build.0 = Debug|Any CPU
		{A58EC5B2-7C2C-4E65-8B1F-22570C183398}.Release|Any CPU.ActiveCfg = Release|Any CPU
		{A58EC5B2-7C2C-4E65-8B1F-22570C183398}.Release|Any CPU.Build.0 = Release|Any CPU
		{13E3AFF4-B474-4B5E-B44B-C4EB7E2C1AE7}.Debug|Any CPU.ActiveCfg = Debug|Any CPU
		{13E3AFF4-B474-4B5E-B44B-C4EB7E2C1AE7}.Debug|Any CPU.Build.0 = Debug|Any CPU
		{13E3AFF4-B474-4B5E-B44B-C4EB7E2C1AE7}.Release|Any CPU.ActiveCfg = Release|Any CPU
		{13E3AFF4-B474-4B5E-B44B-C4EB7E2C1AE7}.Release|Any CPU.Build.0 = Release|Any CPU
		{B43AABAF-A02B-4D22-9E2F-49B239DD2081}.Debug|Any CPU.ActiveCfg = Debug|Any CPU
		{B43AABAF-A02B-4D22-9E2F-49B239DD2081}.Debug|Any CPU.Build.0 = Debug|Any CPU
		{B43AABAF-A02B-4D22-9E2F-49B239DD2081}.Release|Any CPU.ActiveCfg = Release|Any CPU
		{B43AABAF-A02B-4D22-9E2F-49B239DD2081}.Release|Any CPU.Build.0 = Release|Any CPU
		{A23865D3-3720-4F0F-985C-8CDFFF93910B}.Debug|Any CPU.ActiveCfg = Debug|Any CPU
		{A23865D3-3720-4F0F-985C-8CDFFF93910B}.Debug|Any CPU.Build.0 = Debug|Any CPU
		{A23865D3-3720-4F0F-985C-8CDFFF93910B}.Release|Any CPU.ActiveCfg = Release|Any CPU
		{A23865D3-3720-4F0F-985C-8CDFFF93910B}.Release|Any CPU.Build.0 = Release|Any CPU
		{08523A22-2332-4DB0-B67E-86D990ADB739}.Debug|Any CPU.ActiveCfg = Debug|Any CPU
		{08523A22-2332-4DB0-B67E-86D990ADB739}.Debug|Any CPU.Build.0 = Debug|Any CPU
		{08523A22-2332-4DB0-B67E-86D990ADB739}.Release|Any CPU.ActiveCfg = Release|Any CPU
		{08523A22-2332-4DB0-B67E-86D990ADB739}.Release|Any CPU.Build.0 = Release|Any CPU
		{80635A2B-2B62-4C25-BB78-D2A45440D597}.Debug|Any CPU.ActiveCfg = Debug|Any CPU
		{80635A2B-2B62-4C25-BB78-D2A45440D597}.Debug|Any CPU.Build.0 = Debug|Any CPU
		{80635A2B-2B62-4C25-BB78-D2A45440D597}.Release|Any CPU.ActiveCfg = Release|Any CPU
		{80635A2B-2B62-4C25-BB78-D2A45440D597}.Release|Any CPU.Build.0 = Release|Any CPU
		{CE1C0274-864B-40D0-A945-64057236C0D4}.Debug|Any CPU.ActiveCfg = Debug|Any CPU
		{CE1C0274-864B-40D0-A945-64057236C0D4}.Debug|Any CPU.Build.0 = Debug|Any CPU
		{CE1C0274-864B-40D0-A945-64057236C0D4}.Release|Any CPU.ActiveCfg = Release|Any CPU
		{CE1C0274-864B-40D0-A945-64057236C0D4}.Release|Any CPU.Build.0 = Release|Any CPU
		{9B8B5B11-1407-44E1-96A7-1EEC1674C204}.Debug|Any CPU.ActiveCfg = Debug|Any CPU
		{9B8B5B11-1407-44E1-96A7-1EEC1674C204}.Debug|Any CPU.Build.0 = Debug|Any CPU
		{9B8B5B11-1407-44E1-96A7-1EEC1674C204}.Release|Any CPU.ActiveCfg = Release|Any CPU
		{9B8B5B11-1407-44E1-96A7-1EEC1674C204}.Release|Any CPU.Build.0 = Release|Any CPU
		{F00D1D16-A807-4F66-8E89-4AE49724309E}.Debug|Any CPU.ActiveCfg = Debug|Any CPU
		{F00D1D16-A807-4F66-8E89-4AE49724309E}.Debug|Any CPU.Build.0 = Debug|Any CPU
		{F00D1D16-A807-4F66-8E89-4AE49724309E}.Release|Any CPU.ActiveCfg = Release|Any CPU
		{F00D1D16-A807-4F66-8E89-4AE49724309E}.Release|Any CPU.Build.0 = Release|Any CPU
		{051EBDA6-0AAA-4B7A-96AD-153A742A7083}.Debug|Any CPU.ActiveCfg = Debug|Any CPU
		{051EBDA6-0AAA-4B7A-96AD-153A742A7083}.Debug|Any CPU.Build.0 = Debug|Any CPU
		{051EBDA6-0AAA-4B7A-96AD-153A742A7083}.Release|Any CPU.ActiveCfg = Release|Any CPU
		{051EBDA6-0AAA-4B7A-96AD-153A742A7083}.Release|Any CPU.Build.0 = Release|Any CPU
		{4407FB1C-5A2F-4F0D-BC10-36EE9C6279FC}.Debug|Any CPU.ActiveCfg = Debug|Any CPU
		{4407FB1C-5A2F-4F0D-BC10-36EE9C6279FC}.Debug|Any CPU.Build.0 = Debug|Any CPU
		{4407FB1C-5A2F-4F0D-BC10-36EE9C6279FC}.Release|Any CPU.ActiveCfg = Release|Any CPU
		{4407FB1C-5A2F-4F0D-BC10-36EE9C6279FC}.Release|Any CPU.Build.0 = Release|Any CPU
		{D5699746-BCAC-4C8C-A935-F289DB88FA3A}.Debug|Any CPU.ActiveCfg = Debug|Any CPU
		{D5699746-BCAC-4C8C-A935-F289DB88FA3A}.Debug|Any CPU.Build.0 = Debug|Any CPU
		{D5699746-BCAC-4C8C-A935-F289DB88FA3A}.Release|Any CPU.ActiveCfg = Release|Any CPU
		{D5699746-BCAC-4C8C-A935-F289DB88FA3A}.Release|Any CPU.Build.0 = Release|Any CPU
		{FCD9189C-6198-4BDF-B409-0F5503F40FB6}.Debug|Any CPU.ActiveCfg = Debug|Any CPU
		{FCD9189C-6198-4BDF-B409-0F5503F40FB6}.Debug|Any CPU.Build.0 = Debug|Any CPU
		{FCD9189C-6198-4BDF-B409-0F5503F40FB6}.Release|Any CPU.ActiveCfg = Release|Any CPU
		{FCD9189C-6198-4BDF-B409-0F5503F40FB6}.Release|Any CPU.Build.0 = Release|Any CPU
		{495017F8-DA40-4691-B55E-8A0277731274}.Debug|Any CPU.ActiveCfg = Debug|Any CPU
		{495017F8-DA40-4691-B55E-8A0277731274}.Debug|Any CPU.Build.0 = Debug|Any CPU
		{495017F8-DA40-4691-B55E-8A0277731274}.Release|Any CPU.ActiveCfg = Release|Any CPU
		{495017F8-DA40-4691-B55E-8A0277731274}.Release|Any CPU.Build.0 = Release|Any CPU
		{59BB8BA1-395E-40DB-AF24-2F387A5B8FF9}.Debug|Any CPU.ActiveCfg = Debug|Any CPU
		{59BB8BA1-395E-40DB-AF24-2F387A5B8FF9}.Debug|Any CPU.Build.0 = Debug|Any CPU
		{59BB8BA1-395E-40DB-AF24-2F387A5B8FF9}.Release|Any CPU.ActiveCfg = Release|Any CPU
		{59BB8BA1-395E-40DB-AF24-2F387A5B8FF9}.Release|Any CPU.Build.0 = Release|Any CPU
		{B1AA107E-3E12-40D0-9B2F-B2CEB21581BD}.Debug|Any CPU.ActiveCfg = Debug|Any CPU
		{B1AA107E-3E12-40D0-9B2F-B2CEB21581BD}.Debug|Any CPU.Build.0 = Debug|Any CPU
		{B1AA107E-3E12-40D0-9B2F-B2CEB21581BD}.Release|Any CPU.ActiveCfg = Release|Any CPU
		{B1AA107E-3E12-40D0-9B2F-B2CEB21581BD}.Release|Any CPU.Build.0 = Release|Any CPU
		{81740842-DFF3-48B8-92BF-133A6AA6CDBE}.Debug|Any CPU.ActiveCfg = Debug|Any CPU
		{81740842-DFF3-48B8-92BF-133A6AA6CDBE}.Debug|Any CPU.Build.0 = Debug|Any CPU
		{81740842-DFF3-48B8-92BF-133A6AA6CDBE}.Release|Any CPU.ActiveCfg = Release|Any CPU
		{81740842-DFF3-48B8-92BF-133A6AA6CDBE}.Release|Any CPU.Build.0 = Release|Any CPU
		{893DAFFD-9FE3-4BEB-8C4A-C729829DD066}.Debug|Any CPU.ActiveCfg = Debug|Any CPU
		{893DAFFD-9FE3-4BEB-8C4A-C729829DD066}.Debug|Any CPU.Build.0 = Debug|Any CPU
		{893DAFFD-9FE3-4BEB-8C4A-C729829DD066}.Release|Any CPU.ActiveCfg = Release|Any CPU
		{893DAFFD-9FE3-4BEB-8C4A-C729829DD066}.Release|Any CPU.Build.0 = Release|Any CPU
		{F37EBD5D-A88A-4B83-8A33-E7F98BE29974}.Debug|Any CPU.ActiveCfg = Debug|Any CPU
		{F37EBD5D-A88A-4B83-8A33-E7F98BE29974}.Debug|Any CPU.Build.0 = Debug|Any CPU
		{F37EBD5D-A88A-4B83-8A33-E7F98BE29974}.Release|Any CPU.ActiveCfg = Release|Any CPU
		{F37EBD5D-A88A-4B83-8A33-E7F98BE29974}.Release|Any CPU.Build.0 = Release|Any CPU
		{08135263-1A81-4478-903F-3CB5BE7E9684}.Debug|Any CPU.ActiveCfg = Debug|Any CPU
		{08135263-1A81-4478-903F-3CB5BE7E9684}.Debug|Any CPU.Build.0 = Debug|Any CPU
		{08135263-1A81-4478-903F-3CB5BE7E9684}.Release|Any CPU.ActiveCfg = Release|Any CPU
		{08135263-1A81-4478-903F-3CB5BE7E9684}.Release|Any CPU.Build.0 = Release|Any CPU
		{539CBB7A-1F24-4A3B-8D6A-61254DFB5E49}.Debug|Any CPU.ActiveCfg = Debug|Any CPU
		{539CBB7A-1F24-4A3B-8D6A-61254DFB5E49}.Debug|Any CPU.Build.0 = Debug|Any CPU
		{539CBB7A-1F24-4A3B-8D6A-61254DFB5E49}.Release|Any CPU.ActiveCfg = Release|Any CPU
		{539CBB7A-1F24-4A3B-8D6A-61254DFB5E49}.Release|Any CPU.Build.0 = Release|Any CPU
	EndGlobalSection
	GlobalSection(SolutionProperties) = preSolution
		HideSolutionNode = FALSE
	EndGlobalSection
	GlobalSection(ExtensibilityGlobals) = postSolution
		SolutionGuid = {B9C685E8-B22C-4C1D-BB2D-BA8255A4B229}
	EndGlobalSection
EndGlobal
